
Microsoft Visual Studio Solution File, Format Version 12.00
# Visual Studio 14
VisualStudioVersion = 14.0.25420.1
MinimumVisualStudioVersion = 10.0.40219.1
Project("{FAE04EC0-301F-11D3-BF4B-00C04F79EFBC}") = "01Shapes", "01Shapes\01Shapes.csproj", "{D8730D75-3488-4584-8CE7-D89175165479}"
EndProject
Project("{FAE04EC0-301F-11D3-BF4B-00C04F79EFBC}") = "02Cars", "02Cars\02Cars.csproj", "{6D5411DE-A101-458D-B401-01AA50818749}"
EndProject
Global
	GlobalSection(SolutionConfigurationPlatforms) = preSolution
		Debug|Any CPU = Debug|Any CPU
		Release|Any CPU = Release|Any CPU
	EndGlobalSection
	GlobalSection(ProjectConfigurationPlatforms) = postSolution
		{D8730D75-3488-4584-8CE7-D89175165479}.Debug|Any CPU.ActiveCfg = Debug|Any CPU
		{D8730D75-3488-4584-8CE7-D89175165479}.Debug|Any CPU.Build.0 = Debug|Any CPU
		{D8730D75-3488-4584-8CE7-D89175165479}.Release|Any CPU.ActiveCfg = Release|Any CPU
		{D8730D75-3488-4584-8CE7-D89175165479}.Release|Any CPU.Build.0 = Release|Any CPU
		{6D5411DE-A101-458D-B401-01AA50818749}.Debug|Any CPU.ActiveCfg = Debug|Any CPU
		{6D5411DE-A101-458D-B401-01AA50818749}.Debug|Any CPU.Build.0 = Debug|Any CPU
		{6D5411DE-A101-458D-B401-01AA50818749}.Release|Any CPU.ActiveCfg = Release|Any CPU
		{6D5411DE-A101-458D-B401-01AA50818749}.Release|Any CPU.Build.0 = Release|Any CPU
	EndGlobalSection
	GlobalSection(SolutionProperties) = preSolution
		HideSolutionNode = FALSE
	EndGlobalSection
EndGlobal
